
Microsoft Visual Studio Solution File, Format Version 12.00
# Visual Studio Version 17
VisualStudioVersion = 17.7.34031.279
MinimumVisualStudioVersion = 10.0.40219.1
Project("{FAE04EC0-301F-11D3-BF4B-00C04F79EFBC}") = "NDiary", "NDiary\NDiary.csproj", "{BF7B744D-44CF-49AE-BFA2-C7D8D52B0118}"
EndProject
Global
	GlobalSection(SolutionConfigurationPlatforms) = preSolution
		Debug|Any CPU = Debug|Any CPU
		Release|Any CPU = Release|Any CPU
	EndGlobalSection
	GlobalSection(ProjectConfigurationPlatforms) = postSolution
		{BF7B744D-44CF-49AE-BFA2-C7D8D52B0118}.Debug|Any CPU.ActiveCfg = Debug|Any CPU
		{BF7B744D-44CF-49AE-BFA2-C7D8D52B0118}.Debug|Any CPU.Build.0 = Debug|Any CPU
		{BF7B744D-44CF-49AE-BFA2-C7D8D52B0118}.Release|Any CPU.ActiveCfg = Release|Any CPU
		{BF7B744D-44CF-49AE-BFA2-C7D8D52B0118}.Release|Any CPU.Build.0 = Release|Any CPU
	EndGlobalSection
	GlobalSection(SolutionProperties) = preSolution
		HideSolutionNode = FALSE
	EndGlobalSection
	GlobalSection(ExtensibilityGlobals) = postSolution
		SolutionGuid = {6D1D6082-A2BF-4A8E-84CB-2800E106A97A}
	EndGlobalSection
EndGlobal
